// !$*UTF8*$!
{
	archiveVersion = 1;
	classes = {
	};
	objectVersion = 50;
	objects = {

/* Begin PBXBuildFile section */
		92A0278A26A65BF6002128BC /* AppDelegate.swift in Sources */ = {isa = PBXBuildFile; fileRef = 92A0278926A65BF6002128BC /* AppDelegate.swift */; };
		92A0278C26A65BF6002128BC /* SceneDelegate.swift in Sources */ = {isa = PBXBuildFile; fileRef = 92A0278B26A65BF6002128BC /* SceneDelegate.swift */; };
		92A0278E26A65BF6002128BC /* ViewController.swift in Sources */ = {isa = PBXBuildFile; fileRef = 92A0278D26A65BF6002128BC /* ViewController.swift */; };
		92A0279126A65BF6002128BC /* Main.storyboard in Resources */ = {isa = PBXBuildFile; fileRef = 92A0278F26A65BF6002128BC /* Main.storyboard */; };
		92A0279326A65BF8002128BC /* Assets.xcassets in Resources */ = {isa = PBXBuildFile; fileRef = 92A0279226A65BF8002128BC /* Assets.xcassets */; };
		92A0279626A65BF8002128BC /* LaunchScreen.storyboard in Resources */ = {isa = PBXBuildFile; fileRef = 92A0279426A65BF8002128BC /* LaunchScreen.storyboard */; };
		92A027A126A65BF8002128BC /* PreworkTests.swift in Sources */ = {isa = PBXBuildFile; fileRef = 92A027A026A65BF8002128BC /* PreworkTests.swift */; };
		92A027AC26A65BF8002128BC /* PreworkUITests.swift in Sources */ = {isa = PBXBuildFile; fileRef = 92A027AB26A65BF8002128BC /* PreworkUITests.swift */; };
/* End PBXBuildFile section */

/* Begin PBXContainerItemProxy section */
		92A0279D26A65BF8002128BC /* PBXContainerItemProxy */ = {
			isa = PBXContainerItemProxy;
			containerPortal = 92A0277E26A65BF6002128BC /* Project object */;
			proxyType = 1;
			remoteGlobalIDString = 92A0278526A65BF6002128BC;
			remoteInfo = Prework;
		};
		92A027A826A65BF8002128BC /* PBXContainerItemProxy */ = {
			isa = PBXContainerItemProxy;
			containerPortal = 92A0277E26A65BF6002128BC /* Project object */;
			proxyType = 1;
			remoteGlobalIDString = 92A0278526A65BF6002128BC;
			remoteInfo = Prework;
		};
/* End PBXContainerItemProxy section */

/* Begin PBXFileReference section */
		92A0278626A65BF6002128BC /* Prework.app */ = {isa = PBXFileReference; explicitFileType = wrapper.application; includeInIndex = 0; path = Prework.app; sourceTree = BUILT_PRODUCTS_DIR; };
		92A0278926A65BF6002128BC /* AppDelegate.swift */ = {isa = PBXFileReference; lastKnownFileType = sourcecode.swift; path = AppDelegate.swift; sourceTree = "<group>"; };
		92A0278B26A65BF6002128BC /* SceneDelegate.swift */ = {isa = PBXFileReference; lastKnownFileType = sourcecode.swift; path = SceneDelegate.swift; sourceTree = "<group>"; };
		92A0278D26A65BF6002128BC /* ViewController.swift */ = {isa = PBXFileReference; lastKnownFileType = sourcecode.swift; path = ViewController.swift; sourceTree = "<group>"; };
		92A0279026A65BF6002128BC /* Base */ = {isa = PBXFileReference; lastKnownFileType = file.storyboard; name = Base; path = Base.lproj/Main.storyboard; sourceTree = "<group>"; };
		92A0279226A65BF8002128BC /* Assets.xcassets */ = {isa = PBXFileReference; lastKnownFileType = folder.assetcatalog; path = Assets.xcassets; sourceTree = "<group>"; };
		92A0279526A65BF8002128BC /* Base */ = {isa = PBXFileReference; lastKnownFileType = file.storyboard; name = Base; path = Base.lproj/LaunchScreen.storyboard; sourceTree = "<group>"; };
		92A0279726A65BF8002128BC /* Info.plist */ = {isa = PBXFileReference; lastKnownFileType = text.plist.xml; path = Info.plist; sourceTree = "<group>"; };
		92A0279C26A65BF8002128BC /* PreworkTests.xctest */ = {isa = PBXFileReference; explicitFileType = wrapper.cfbundle; includeInIndex = 0; path = PreworkTests.xctest; sourceTree = BUILT_PRODUCTS_DIR; };
		92A027A026A65BF8002128BC /* PreworkTests.swift */ = {isa = PBXFileReference; lastKnownFileType = sourcecode.swift; path = PreworkTests.swift; sourceTree = "<group>"; };
		92A027A226A65BF8002128BC /* Info.plist */ = {isa = PBXFileReference; lastKnownFileType = text.plist.xml; path = Info.plist; sourceTree = "<group>"; };
		92A027A726A65BF8002128BC /* PreworkUITests.xctest */ = {isa = PBXFileReference; explicitFileType = wrapper.cfbundle; includeInIndex = 0; path = PreworkUITests.xctest; sourceTree = BUILT_PRODUCTS_DIR; };
		92A027AB26A65BF8002128BC /* PreworkUITests.swift */ = {isa = PBXFileReference; lastKnownFileType = sourcecode.swift; path = PreworkUITests.swift; sourceTree = "<group>"; };
		92A027AD26A65BF8002128BC /* Info.plist */ = {isa = PBXFileReference; lastKnownFileType = text.plist.xml; path = Info.plist; sourceTree = "<group>"; };
/* End PBXFileReference section */

/* Begin PBXFrameworksBuildPhase section */
		92A0278326A65BF6002128BC /* Frameworks */ = {
			isa = PBXFrameworksBuildPhase;
			buildActionMask = 2147483647;
			files = (
			);
			runOnlyForDeploymentPostprocessing = 0;
		};
		92A0279926A65BF8002128BC /* Frameworks */ = {
			isa = PBXFrameworksBuildPhase;
			buildActionMask = 2147483647;
			files = (
			);
			runOnlyForDeploymentPostprocessing = 0;
		};
		92A027A426A65BF8002128BC /* Frameworks */ = {
			isa = PBXFrameworksBuildPhase;
			buildActionMask = 2147483647;
			files = (
			);
			runOnlyForDeploymentPostprocessing = 0;
		};
/* End PBXFrameworksBuildPhase section */

/* Begin PBXGroup section */
		92A0277D26A65BF6002128BC = {
			isa = PBXGroup;
			children = (
				92A0278826A65BF6002128BC /* Prework */,
				92A0279F26A65BF8002128BC /* PreworkTests */,
				92A027AA26A65BF8002128BC /* PreworkUITests */,
				92A0278726A65BF6002128BC /* Products */,
			);
			sourceTree = "<group>";
		};
		92A0278726A65BF6002128BC /* Products */ = {
			isa = PBXGroup;
			children = (
				92A0278626A65BF6002128BC /* Prework.app */,
				92A0279C26A65BF8002128BC /* PreworkTests.xctest */,
				92A027A726A65BF8002128BC /* PreworkUITests.xctest */,
			);
			name = Products;
			sourceTree = "<group>";
		};
		92A0278826A65BF6002128BC /* Prework */ = {
			isa = PBXGroup;
			children = (
				92A0278926A65BF6002128BC /* AppDelegate.swift */,
				92A0278B26A65BF6002128BC /* SceneDelegate.swift */,
				92A0278D26A65BF6002128BC /* ViewController.swift */,
				92A0278F26A65BF6002128BC /* Main.storyboard */,
				92A0279226A65BF8002128BC /* Assets.xcassets */,
				92A0279426A65BF8002128BC /* LaunchScreen.storyboard */,
				92A0279726A65BF8002128BC /* Info.plist */,
			);
			path = Prework;
			sourceTree = "<group>";
		};
		92A0279F26A65BF8002128BC /* PreworkTests */ = {
			isa = PBXGroup;
			children = (
				92A027A026A65BF8002128BC /* PreworkTests.swift */,
				92A027A226A65BF8002128BC /* Info.plist */,
			);
			path = PreworkTests;
			sourceTree = "<group>";
		};
		92A027AA26A65BF8002128BC /* PreworkUITests */ = {
			isa = PBXGroup;
			children = (
				92A027AB26A65BF8002128BC /* PreworkUITests.swift */,
				92A027AD26A65BF8002128BC /* Info.plist */,
			);
			path = PreworkUITests;
			sourceTree = "<group>";
		};
/* End PBXGroup section */

/* Begin PBXNativeTarget section */
		92A0278526A65BF6002128BC /* Prework */ = {
			isa = PBXNativeTarget;
			buildConfigurationList = 92A027B026A65BF8002128BC /* Build configuration list for PBXNativeTarget "Prework" */;
			buildPhases = (
				92A0278226A65BF6002128BC /* Sources */,
				92A0278326A65BF6002128BC /* Frameworks */,
				92A0278426A65BF6002128BC /* Resources */,
			);
			buildRules = (
			);
			dependencies = (
			);
			name = Prework;
			productName = Prework;
			productReference = 92A0278626A65BF6002128BC /* Prework.app */;
			productType = "com.apple.product-type.application";
		};
		92A0279B26A65BF8002128BC /* PreworkTests */ = {
			isa = PBXNativeTarget;
			buildConfigurationList = 92A027B326A65BF8002128BC /* Build configuration list for PBXNativeTarget "PreworkTests" */;
			buildPhases = (
				92A0279826A65BF8002128BC /* Sources */,
				92A0279926A65BF8002128BC /* Frameworks */,
				92A0279A26A65BF8002128BC /* Resources */,
			);
			buildRules = (
			);
			dependencies = (
				92A0279E26A65BF8002128BC /* PBXTargetDependency */,
			);
			name = PreworkTests;
			productName = PreworkTests;
			productReference = 92A0279C26A65BF8002128BC /* PreworkTests.xctest */;
			productType = "com.apple.product-type.bundle.unit-test";
		};
		92A027A626A65BF8002128BC /* PreworkUITests */ = {
			isa = PBXNativeTarget;
			buildConfigurationList = 92A027B626A65BF8002128BC /* Build configuration list for PBXNativeTarget "PreworkUITests" */;
			buildPhases = (
				92A027A326A65BF8002128BC /* Sources */,
				92A027A426A65BF8002128BC /* Frameworks */,
				92A027A526A65BF8002128BC /* Resources */,
			);
			buildRules = (
			);
			dependencies = (
				92A027A926A65BF8002128BC /* PBXTargetDependency */,
			);
			name = PreworkUITests;
			productName = PreworkUITests;
			productReference = 92A027A726A65BF8002128BC /* PreworkUITests.xctest */;
			productType = "com.apple.product-type.bundle.ui-testing";
		};
/* End PBXNativeTarget section */

/* Begin PBXProject section */
		92A0277E26A65BF6002128BC /* Project object */ = {
			isa = PBXProject;
			attributes = {
				LastSwiftUpdateCheck = 1250;
				LastUpgradeCheck = 1250;
				TargetAttributes = {
					92A0278526A65BF6002128BC = {
						CreatedOnToolsVersion = 12.5.1;
					};
					92A0279B26A65BF8002128BC = {
						CreatedOnToolsVersion = 12.5.1;
						TestTargetID = 92A0278526A65BF6002128BC;
					};
					92A027A626A65BF8002128BC = {
						CreatedOnToolsVersion = 12.5.1;
						TestTargetID = 92A0278526A65BF6002128BC;
					};
				};
			};
			buildConfigurationList = 92A0278126A65BF6002128BC /* Build configuration list for PBXProject "Prework" */;
			compatibilityVersion = "Xcode 9.3";
			developmentRegion = en;
			hasScannedForEncodings = 0;
			knownRegions = (
				en,
				Base,
			);
			mainGroup = 92A0277D26A65BF6002128BC;
			productRefGroup = 92A0278726A65BF6002128BC /* Products */;
			projectDirPath = "";
			projectRoot = "";
			targets = (
				92A0278526A65BF6002128BC /* Prework */,
				92A0279B26A65BF8002128BC /* PreworkTests */,
				92A027A626A65BF8002128BC /* PreworkUITests */,
			);
		};
/* End PBXProject section */

/* Begin PBXResourcesBuildPhase section */
		92A0278426A65BF6002128BC /* Resources */ = {
			isa = PBXResourcesBuildPhase;
			buildActionMask = 2147483647;
			files = (
				92A0279626A65BF8002128BC /* LaunchScreen.storyboard in Resources */,
				92A0279326A65BF8002128BC /* Assets.xcassets in Resources */,
				92A0279126A65BF6002128BC /* Main.storyboard in Resources */,
			);
			runOnlyForDeploymentPostprocessing = 0;
		};
		92A0279A26A65BF8002128BC /* Resources */ = {
			isa = PBXResourcesBuildPhase;
			buildActionMask = 2147483647;
			files = (
			);
			runOnlyForDeploymentPostprocessing = 0;
		};
		92A027A526A65BF8002128BC /* Resources */ = {
			isa = PBXResourcesBuildPhase;
			buildActionMask = 2147483647;
			files = (
			);
			runOnlyForDeploymentPostprocessing = 0;
		};
/* End PBXResourcesBuildPhase section */

/* Begin PBXSourcesBuildPhase section */
		92A0278226A65BF6002128BC /* Sources */ = {
			isa = PBXSourcesBuildPhase;
			buildActionMask = 2147483647;
			files = (
				92A0278E26A65BF6002128BC /* ViewController.swift in Sources */,
				92A0278A26A65BF6002128BC /* AppDelegate.swift in Sources */,
				92A0278C26A65BF6002128BC /* SceneDelegate.swift in Sources */,
			);
			runOnlyForDeploymentPostprocessing = 0;
		};
		92A0279826A65BF8002128BC /* Sources */ = {
			isa = PBXSourcesBuildPhase;
			buildActionMask = 2147483647;
			files = (
				92A027A126A65BF8002128BC /* PreworkTests.swift in Sources */,
			);
			runOnlyForDeploymentPostprocessing = 0;
		};
		92A027A326A65BF8002128BC /* Sources */ = {
			isa = PBXSourcesBuildPhase;
			buildActionMask = 2147483647;
			files = (
				92A027AC26A65BF8002128BC /* PreworkUITests.swift in Sources */,
			);
			runOnlyForDeploymentPostprocessing = 0;
		};
/* End PBXSourcesBuildPhase section */

/* Begin PBXTargetDependency section */
		92A0279E26A65BF8002128BC /* PBXTargetDependency */ = {
			isa = PBXTargetDependency;
			target = 92A0278526A65BF6002128BC /* Prework */;
			targetProxy = 92A0279D26A65BF8002128BC /* PBXContainerItemProxy */;
		};
		92A027A926A65BF8002128BC /* PBXTargetDependency */ = {
			isa = PBXTargetDependency;
			target = 92A0278526A65BF6002128BC /* Prework */;
			targetProxy = 92A027A826A65BF8002128BC /* PBXContainerItemProxy */;
		};
/* End PBXTargetDependency section */

/* Begin PBXVariantGroup section */
		92A0278F26A65BF6002128BC /* Main.storyboard */ = {
			isa = PBXVariantGroup;
			children = (
				92A0279026A65BF6002128BC /* Base */,
			);
			name = Main.storyboard;
			sourceTree = "<group>";
		};
		92A0279426A65BF8002128BC /* LaunchScreen.storyboard */ = {
			isa = PBXVariantGroup;
			children = (
				92A0279526A65BF8002128BC /* Base */,
			);
			name = LaunchScreen.storyboard;
			sourceTree = "<group>";
		};
/* End PBXVariantGroup section */

/* Begin XCBuildConfiguration section */
		92A027AE26A65BF8002128BC /* Debug */ = {
			isa = XCBuildConfiguration;
			buildSettings = {
				ALWAYS_SEARCH_USER_PATHS = NO;
				CLANG_ANALYZER_NONNULL = YES;
				CLANG_ANALYZER_NUMBER_OBJECT_CONVERSION = YES_AGGRESSIVE;
				CLANG_CXX_LANGUAGE_STANDARD = "gnu++14";
				CLANG_CXX_LIBRARY = "libc++";
				CLANG_ENABLE_MODULES = YES;
				CLANG_ENABLE_OBJC_ARC = YES;
				CLANG_ENABLE_OBJC_WEAK = YES;
				CLANG_WARN_BLOCK_CAPTURE_AUTORELEASING = YES;
				CLANG_WARN_BOOL_CONVERSION = YES;
				CLANG_WARN_COMMA = YES;
				CLANG_WARN_CONSTANT_CONVERSION = YES;
				CLANG_WARN_DEPRECATED_OBJC_IMPLEMENTATIONS = YES;
				CLANG_WARN_DIRECT_OBJC_ISA_USAGE = YES_ERROR;
				CLANG_WARN_DOCUMENTATION_COMMENTS = YES;
				CLANG_WARN_EMPTY_BODY = YES;
				CLANG_WARN_ENUM_CONVERSION = YES;
				CLANG_WARN_INFINITE_RECURSION = YES;
				CLANG_WARN_INT_CONVERSION = YES;
				CLANG_WARN_NON_LITERAL_NULL_CONVERSION = YES;
				CLANG_WARN_OBJC_IMPLICIT_RETAIN_SELF = YES;
				CLANG_WARN_OBJC_LITERAL_CONVERSION = YES;
				CLANG_WARN_OBJC_ROOT_CLASS = YES_ERROR;
				CLANG_WARN_QUOTED_INCLUDE_IN_FRAMEWORK_HEADER = YES;
				CLANG_WARN_RANGE_LOOP_ANALYSIS = YES;
				CLANG_WARN_STRICT_PROTOTYPES = YES;
				CLANG_WARN_SUSPICIOUS_MOVE = YES;
				CLANG_WARN_UNGUARDED_AVAILABILITY = YES_AGGRESSIVE;
				CLANG_WARN_UNREACHABLE_CODE = YES;
				CLANG_WARN__DUPLICATE_METHOD_MATCH = YES;
				COPY_PHASE_STRIP = NO;
				DEBUG_INFORMATION_FORMAT = dwarf;
				ENABLE_STRICT_OBJC_MSGSEND = YES;
				ENABLE_TESTABILITY = YES;
				GCC_C_LANGUAGE_STANDARD = gnu11;
				GCC_DYNAMIC_NO_PIC = NO;
				GCC_NO_COMMON_BLOCKS = YES;
				GCC_OPTIMIZATION_LEVEL = 0;
				GCC_PREPROCESSOR_DEFINITIONS = (
					"DEBUG=1",
					"$(inherited)",
				);
				GCC_WARN_64_TO_32_BIT_CONVERSION = YES;
				GCC_WARN_ABOUT_RETURN_TYPE = YES_ERROR;
				GCC_WARN_UNDECLARED_SELECTOR = YES;
				GCC_WARN_UNINITIALIZED_AUTOS = YES_AGGRESSIVE;
				GCC_WARN_UNUSED_FUNCTION = YES;
				GCC_WARN_UNUSED_VARIABLE = YES;
				IPHONEOS_DEPLOYMENT_TARGET = 14.5;
				MTL_ENABLE_DEBUG_INFO = INCLUDE_SOURCE;
				MTL_FAST_MATH = YES;
				ONLY_ACTIVE_ARCH = YES;
				SDKROOT = iphoneos;
				SWIFT_ACTIVE_COMPILATION_CONDITIONS = DEBUG;
				SWIFT_OPTIMIZATION_LEVEL = "-Onone";
			};
			name = Debug;
		};
		92A027AF26A65BF8002128BC /* Release */ = {
			isa = XCBuildConfiguration;
			buildSettings = {
				ALWAYS_SEARCH_USER_PATHS = NO;
				CLANG_ANALYZER_NONNULL = YES;
				CLANG_ANALYZER_NUMBER_OBJECT_CONVERSION = YES_AGGRESSIVE;
				CLANG_CXX_LANGUAGE_STANDARD = "gnu++14";
				CLANG_CXX_LIBRARY = "libc++";
				CLANG_ENABLE_MODULES = YES;
				CLANG_ENABLE_OBJC_ARC = YES;
				CLANG_ENABLE_OBJC_WEAK = YES;
				CLANG_WARN_BLOCK_CAPTURE_AUTORELEASING = YES;
				CLANG_WARN_BOOL_CONVERSION = YES;
				CLANG_WARN_COMMA = YES;
				CLANG_WARN_CONSTANT_CONVERSION = YES;
				CLANG_WARN_DEPRECATED_OBJC_IMPLEMENTATIONS = YES;
				CLANG_WARN_DIRECT_OBJC_ISA_USAGE = YES_ERROR;
				CLANG_WARN_DOCUMENTATION_COMMENTS = YES;
				CLANG_WARN_EMPTY_BODY = YES;
				CLANG_WARN_ENUM_CONVERSION = YES;
				CLANG_WARN_INFINITE_RECURSION = YES;
				CLANG_WARN_INT_CONVERSION = YES;
				CLANG_WARN_NON_LITERAL_NULL_CONVERSION = YES;
				CLANG_WARN_OBJC_IMPLICIT_RETAIN_SELF = YES;
				CLANG_WARN_OBJC_LITERAL_CONVERSION = YES;
				CLANG_WARN_OBJC_ROOT_CLASS = YES_ERROR;
				CLANG_WARN_QUOTED_INCLUDE_IN_FRAMEWORK_HEADER = YES;
				CLANG_WARN_RANGE_LOOP_ANALYSIS = YES;
				CLANG_WARN_STRICT_PROTOTYPES = YES;
				CLANG_WARN_SUSPICIOUS_MOVE = YES;
				CLANG_WARN_UNGUARDED_AVAILABILITY = YES_AGGRESSIVE;
				CLANG_WARN_UNREACHABLE_CODE = YES;
				CLANG_WARN__DUPLICATE_METHOD_MATCH = YES;
				COPY_PHASE_STRIP = NO;
				DEBUG_INFORMATION_FORMAT = "dwarf-with-dsym";
				ENABLE_NS_ASSERTIONS = NO;
				ENABLE_STRICT_OBJC_MSGSEND = YES;
				GCC_C_LANGUAGE_STANDARD = gnu11;
				GCC_NO_COMMON_BLOCKS = YES;
				GCC_WARN_64_TO_32_BIT_CONVERSION = YES;
				GCC_WARN_ABOUT_RETURN_TYPE = YES_ERROR;
				GCC_WARN_UNDECLARED_SELECTOR = YES;
				GCC_WARN_UNINITIALIZED_AUTOS = YES_AGGRESSIVE;
				GCC_WARN_UNUSED_FUNCTION = YES;
				GCC_WARN_UNUSED_VARIABLE = YES;
				IPHONEOS_DEPLOYMENT_TARGET = 14.5;
				MTL_ENABLE_DEBUG_INFO = NO;
				MTL_FAST_MATH = YES;
				SDKROOT = iphoneos;
				SWIFT_COMPILATION_MODE = wholemodule;
				SWIFT_OPTIMIZATION_LEVEL = "-O";
				VALIDATE_PRODUCT = YES;
			};
			name = Release;
		};
		92A027B126A65BF8002128BC /* Debug */ = {
			isa = XCBuildConfiguration;
			buildSettings = {
				ASSETCATALOG_COMPILER_APPICON_NAME = AppIcon;
				ASSETCATALOG_COMPILER_GLOBAL_ACCENT_COLOR_NAME = AccentColor;
				CODE_SIGN_STYLE = Automatic;
				INFOPLIST_FILE = Prework/Info.plist;
				LD_RUNPATH_SEARCH_PATHS = (
					"$(inherited)",
					"@executable_path/Frameworks",
				);
				PRODUCT_BUNDLE_IDENTIFIER = xyz.zachfrito.Prework;
				PRODUCT_NAME = "$(TARGET_NAME)";
				SWIFT_VERSION = 5.0;
				TARGETED_DEVICE_FAMILY = "1,2";
			};
			name = Debug;
		};
		92A027B226A65BF8002128BC /* Release */ = {
			isa = XCBuildConfiguration;
			buildSettings = {
				ASSETCATALOG_COMPILER_APPICON_NAME = AppIcon;
				ASSETCATALOG_COMPILER_GLOBAL_ACCENT_COLOR_NAME = AccentColor;
				CODE_SIGN_STYLE = Automatic;
				INFOPLIST_FILE = Prework/Info.plist;
				LD_RUNPATH_SEARCH_PATHS = (
					"$(inherited)",
					"@executable_path/Frameworks",
				);
				PRODUCT_BUNDLE_IDENTIFIER = xyz.zachfrito.Prework;
				PRODUCT_NAME = "$(TARGET_NAME)";
				SWIFT_VERSION = 5.0;
				TARGETED_DEVICE_FAMILY = "1,2";
			};
			name = Release;
		};
		92A027B426A65BF8002128BC /* Debug */ = {
			isa = XCBuildConfiguration;
			buildSettings = {
				ALWAYS_EMBED_SWIFT_STANDARD_LIBRARIES = YES;
				BUNDLE_LOADER = "$(TEST_HOST)";
				CODE_SIGN_STYLE = Automatic;
				INFOPLIST_FILE = PreworkTests/Info.plist;
				IPHONEOS_DEPLOYMENT_TARGET = 14.5;
				LD_RUNPATH_SEARCH_PATHS = (
					"$(inherited)",
					"@executable_path/Frameworks",
					"@loader_path/Frameworks",
				);
				PRODUCT_BUNDLE_IDENTIFIER = xyz.zachfrito.PreworkTests;
				PRODUCT_NAME = "$(TARGET_NAME)";
				SWIFT_VERSION = 5.0;
				TARGETED_DEVICE_FAMILY = "1,2";
				TEST_HOST = "$(BUILT_PRODUCTS_DIR)/Prework.app/Prework";
			};
			name = Debug;
		};
		92A027B526A65BF8002128BC /* Release */ = {
			isa = XCBuildConfiguration;
			buildSettings = {
				ALWAYS_EMBED_SWIFT_STANDARD_LIBRARIES = YES;
				BUNDLE_LOADER = "$(TEST_HOST)";
				CODE_SIGN_STYLE = Automatic;
				INFOPLIST_FILE = PreworkTests/Info.plist;
				IPHONEOS_DEPLOYMENT_TARGET = 14.5;
				LD_RUNPATH_SEARCH_PATHS = (
					"$(inherited)",
					"@executable_path/Frameworks",
					"@loader_path/Frameworks",
				);
				PRODUCT_BUNDLE_IDENTIFIER = xyz.zachfrito.PreworkTests;
				PRODUCT_NAME = "$(TARGET_NAME)";
				SWIFT_VERSION = 5.0;
				TARGETED_DEVICE_FAMILY = "1,2";
				TEST_HOST = "$(BUILT_PRODUCTS_DIR)/Prework.app/Prework";
			};
			name = Release;
		};
		92A027B726A65BF8002128BC /* Debug */ = {
			isa = XCBuildConfiguration;
			buildSettings = {
				ALWAYS_EMBED_SWIFT_STANDARD_LIBRARIES = YES;
				CODE_SIGN_STYLE = Automatic;
				INFOPLIST_FILE = PreworkUITests/Info.plist;
				LD_RUNPATH_SEARCH_PATHS = (
					"$(inherited)",
					"@executable_path/Frameworks",
					"@loader_path/Frameworks",
				);
				PRODUCT_BUNDLE_IDENTIFIER = xyz.zachfrito.PreworkUITests;
				PRODUCT_NAME = "$(TARGET_NAME)";
				SWIFT_VERSION = 5.0;
				TARGETED_DEVICE_FAMILY = "1,2";
				TEST_TARGET_NAME = Prework;
			};
			name = Debug;
		};
		92A027B826A65BF8002128BC /* Release */ = {
			isa = XCBuildConfiguration;
			buildSettings = {
				ALWAYS_EMBED_SWIFT_STANDARD_LIBRARIES = YES;
				CODE_SIGN_STYLE = Automatic;
				INFOPLIST_FILE = PreworkUITests/Info.plist;
				LD_RUNPATH_SEARCH_PATHS = (
					"$(inherited)",
					"@executable_path/Frameworks",
					"@loader_path/Frameworks",
				);
				PRODUCT_BUNDLE_IDENTIFIER = xyz.zachfrito.PreworkUITests;
				PRODUCT_NAME = "$(TARGET_NAME)";
				SWIFT_VERSION = 5.0;
				TARGETED_DEVICE_FAMILY = "1,2";
				TEST_TARGET_NAME = Prework;
			};
			name = Release;
		};
/* End XCBuildConfiguration section */

/* Begin XCConfigurationList section */
		92A0278126A65BF6002128BC /* Build configuration list for PBXProject "Prework" */ = {
			isa = XCConfigurationList;
			buildConfigurations = (
				92A027AE26A65BF8002128BC /* Debug */,
				92A027AF26A65BF8002128BC /* Release */,
			);
			defaultConfigurationIsVisible = 0;
			defaultConfigurationName = Release;
		};
		92A027B026A65BF8002128BC /* Build configuration list for PBXNativeTarget "Prework" */ = {
			isa = XCConfigurationList;
			buildConfigurations = (
				92A027B126A65BF8002128BC /* Debug */,
				92A027B226A65BF8002128BC /* Release */,
			);
			defaultConfigurationIsVisible = 0;
			defaultConfigurationName = Release;
		};
		92A027B326A65BF8002128BC /* Build configuration list for PBXNativeTarget "PreworkTests" */ = {
			isa = XCConfigurationList;
			buildConfigurations = (
				92A027B426A65BF8002128BC /* Debug */,
				92A027B526A65BF8002128BC /* Release */,
			);
			defaultConfigurationIsVisible = 0;
			defaultConfigurationName = Release;
		};
		92A027B626A65BF8002128BC /* Build configuration list for PBXNativeTarget "PreworkUITests" */ = {
			isa = XCConfigurationList;
			buildConfigurations = (
				92A027B726A65BF8002128BC /* Debug */,
				92A027B826A65BF8002128BC /* Release */,
			);
			defaultConfigurationIsVisible = 0;
			defaultConfigurationName = Release;
		};
/* End XCConfigurationList section */
	};
	rootObject = 92A0277E26A65BF6002128BC /* Project object */;
}
